// !$*UTF8*$!
{
	archiveVersion = 1;
	classes = {
	};
	objectVersion = 50;
	objects = {

/* Begin PBXBuildFile section */
		0E8A291116397D4028198B98 /* Pods_wash_washUITests.framework in Frameworks */ = {isa = PBXBuildFile; fileRef = 7B0AFB3187F26C9A263F67CF /* Pods_wash_washUITests.framework */; };
		3EF79D405B5FB3C4EABA5C34 /* Pods_wash.framework in Frameworks */ = {isa = PBXBuildFile; fileRef = 4E0764FE63C7AF686247014B /* Pods_wash.framework */; };
		5F8DD583FE9EAA66E5586CAA /* Pods_washTests.framework in Frameworks */ = {isa = PBXBuildFile; fileRef = EF82C464EE05B414DDCAEE67 /* Pods_washTests.framework */; };
		6F20E7F6242E8ECE005AADAD /* AppDelegate.swift in Sources */ = {isa = PBXBuildFile; fileRef = 6F20E7F5242E8ECE005AADAD /* AppDelegate.swift */; };
		6F20E7F8242E8ECE005AADAD /* SceneDelegate.swift in Sources */ = {isa = PBXBuildFile; fileRef = 6F20E7F7242E8ECE005AADAD /* SceneDelegate.swift */; };
		6F20E7FD242E8ECE005AADAD /* Main.storyboard in Resources */ = {isa = PBXBuildFile; fileRef = 6F20E7FB242E8ECE005AADAD /* Main.storyboard */; };
		6F20E7FF242E8ED1005AADAD /* Assets.xcassets in Resources */ = {isa = PBXBuildFile; fileRef = 6F20E7FE242E8ED1005AADAD /* Assets.xcassets */; };
		6F20E802242E8ED1005AADAD /* LaunchScreen.storyboard in Resources */ = {isa = PBXBuildFile; fileRef = 6F20E800242E8ED1005AADAD /* LaunchScreen.storyboard */; };
		6F20E80D242E8ED1005AADAD /* washTests.swift in Sources */ = {isa = PBXBuildFile; fileRef = 6F20E80C242E8ED1005AADAD /* washTests.swift */; };
		6F20E818242E8ED1005AADAD /* washUITests.swift in Sources */ = {isa = PBXBuildFile; fileRef = 6F20E817242E8ED1005AADAD /* washUITests.swift */; };
/* End PBXBuildFile section */

/* Begin PBXContainerItemProxy section */
		6F20E809242E8ED1005AADAD /* PBXContainerItemProxy */ = {
			isa = PBXContainerItemProxy;
			containerPortal = 6F20E7EA242E8ECE005AADAD /* Project object */;
			proxyType = 1;
			remoteGlobalIDString = 6F20E7F1242E8ECE005AADAD;
			remoteInfo = wash;
		};
		6F20E814242E8ED1005AADAD /* PBXContainerItemProxy */ = {
			isa = PBXContainerItemProxy;
			containerPortal = 6F20E7EA242E8ECE005AADAD /* Project object */;
			proxyType = 1;
			remoteGlobalIDString = 6F20E7F1242E8ECE005AADAD;
			remoteInfo = wash;
		};
/* End PBXContainerItemProxy section */

/* Begin PBXFileReference section */
		1D407AD1E64108205971E4A1 /* Pods-washTests.release.xcconfig */ = {isa = PBXFileReference; includeInIndex = 1; lastKnownFileType = text.xcconfig; name = "Pods-washTests.release.xcconfig"; path = "Target Support Files/Pods-washTests/Pods-washTests.release.xcconfig"; sourceTree = "<group>"; };
		2185236256EB154F01758051 /* Pods-wash.release.xcconfig */ = {isa = PBXFileReference; includeInIndex = 1; lastKnownFileType = text.xcconfig; name = "Pods-wash.release.xcconfig"; path = "Target Support Files/Pods-wash/Pods-wash.release.xcconfig"; sourceTree = "<group>"; };
		2E3886CEDAEFF797740AA780 /* Pods-wash-washUITests.debug.xcconfig */ = {isa = PBXFileReference; includeInIndex = 1; lastKnownFileType = text.xcconfig; name = "Pods-wash-washUITests.debug.xcconfig"; path = "Target Support Files/Pods-wash-washUITests/Pods-wash-washUITests.debug.xcconfig"; sourceTree = "<group>"; };
		4E0764FE63C7AF686247014B /* Pods_wash.framework */ = {isa = PBXFileReference; explicitFileType = wrapper.framework; includeInIndex = 0; path = Pods_wash.framework; sourceTree = BUILT_PRODUCTS_DIR; };
		6F20E7F2242E8ECE005AADAD /* wash.app */ = {isa = PBXFileReference; explicitFileType = wrapper.application; includeInIndex = 0; path = wash.app; sourceTree = BUILT_PRODUCTS_DIR; };
		6F20E7F5242E8ECE005AADAD /* AppDelegate.swift */ = {isa = PBXFileReference; lastKnownFileType = sourcecode.swift; path = AppDelegate.swift; sourceTree = "<group>"; };
		6F20E7F7242E8ECE005AADAD /* SceneDelegate.swift */ = {isa = PBXFileReference; lastKnownFileType = sourcecode.swift; path = SceneDelegate.swift; sourceTree = "<group>"; };
		6F20E7FC242E8ECE005AADAD /* Base */ = {isa = PBXFileReference; lastKnownFileType = file.storyboard; name = Base; path = Base.lproj/Main.storyboard; sourceTree = "<group>"; };
		6F20E7FE242E8ED1005AADAD /* Assets.xcassets */ = {isa = PBXFileReference; lastKnownFileType = folder.assetcatalog; path = Assets.xcassets; sourceTree = "<group>"; };
		6F20E801242E8ED1005AADAD /* Base */ = {isa = PBXFileReference; lastKnownFileType = file.storyboard; name = Base; path = Base.lproj/LaunchScreen.storyboard; sourceTree = "<group>"; };
		6F20E803242E8ED1005AADAD /* Info.plist */ = {isa = PBXFileReference; lastKnownFileType = text.plist.xml; path = Info.plist; sourceTree = "<group>"; };
		6F20E808242E8ED1005AADAD /* washTests.xctest */ = {isa = PBXFileReference; explicitFileType = wrapper.cfbundle; includeInIndex = 0; path = washTests.xctest; sourceTree = BUILT_PRODUCTS_DIR; };
		6F20E80C242E8ED1005AADAD /* washTests.swift */ = {isa = PBXFileReference; lastKnownFileType = sourcecode.swift; path = washTests.swift; sourceTree = "<group>"; };
		6F20E80E242E8ED1005AADAD /* Info.plist */ = {isa = PBXFileReference; lastKnownFileType = text.plist.xml; path = Info.plist; sourceTree = "<group>"; };
		6F20E813242E8ED1005AADAD /* washUITests.xctest */ = {isa = PBXFileReference; explicitFileType = wrapper.cfbundle; includeInIndex = 0; path = washUITests.xctest; sourceTree = BUILT_PRODUCTS_DIR; };
		6F20E817242E8ED1005AADAD /* washUITests.swift */ = {isa = PBXFileReference; lastKnownFileType = sourcecode.swift; path = washUITests.swift; sourceTree = "<group>"; };
		6F20E819242E8ED1005AADAD /* Info.plist */ = {isa = PBXFileReference; lastKnownFileType = text.plist.xml; path = Info.plist; sourceTree = "<group>"; };
		7B0AFB3187F26C9A263F67CF /* Pods_wash_washUITests.framework */ = {isa = PBXFileReference; explicitFileType = wrapper.framework; includeInIndex = 0; path = Pods_wash_washUITests.framework; sourceTree = BUILT_PRODUCTS_DIR; };
		A448C349D63A570AB5732C4C /* Pods-wash.debug.xcconfig */ = {isa = PBXFileReference; includeInIndex = 1; lastKnownFileType = text.xcconfig; name = "Pods-wash.debug.xcconfig"; path = "Target Support Files/Pods-wash/Pods-wash.debug.xcconfig"; sourceTree = "<group>"; };
		C0CED715F3D7ECF4BF6F8F6F /* Pods-washTests.debug.xcconfig */ = {isa = PBXFileReference; includeInIndex = 1; lastKnownFileType = text.xcconfig; name = "Pods-washTests.debug.xcconfig"; path = "Target Support Files/Pods-washTests/Pods-washTests.debug.xcconfig"; sourceTree = "<group>"; };
		EF82C464EE05B414DDCAEE67 /* Pods_washTests.framework */ = {isa = PBXFileReference; explicitFileType = wrapper.framework; includeInIndex = 0; path = Pods_washTests.framework; sourceTree = BUILT_PRODUCTS_DIR; };
		F81E13AAA3144EE2A4E8D527 /* Pods-wash-washUITests.release.xcconfig */ = {isa = PBXFileReference; includeInIndex = 1; lastKnownFileType = text.xcconfig; name = "Pods-wash-washUITests.release.xcconfig"; path = "Target Support Files/Pods-wash-washUITests/Pods-wash-washUITests.release.xcconfig"; sourceTree = "<group>"; };
/* End PBXFileReference section */

/* Begin PBXFrameworksBuildPhase section */
		6F20E7EF242E8ECE005AADAD /* Frameworks */ = {
			isa = PBXFrameworksBuildPhase;
			buildActionMask = 2147483647;
			files = (
				3EF79D405B5FB3C4EABA5C34 /* Pods_wash.framework in Frameworks */,
			);
			runOnlyForDeploymentPostprocessing = 0;
		};
		6F20E805242E8ED1005AADAD /* Frameworks */ = {
			isa = PBXFrameworksBuildPhase;
			buildActionMask = 2147483647;
			files = (
				5F8DD583FE9EAA66E5586CAA /* Pods_washTests.framework in Frameworks */,
			);
			runOnlyForDeploymentPostprocessing = 0;
		};
		6F20E810242E8ED1005AADAD /* Frameworks */ = {
			isa = PBXFrameworksBuildPhase;
			buildActionMask = 2147483647;
			files = (
				0E8A291116397D4028198B98 /* Pods_wash_washUITests.framework in Frameworks */,
			);
			runOnlyForDeploymentPostprocessing = 0;
		};
/* End PBXFrameworksBuildPhase section */

/* Begin PBXGroup section */
		6F20E7E9242E8ECE005AADAD = {
			isa = PBXGroup;
			children = (
				6F20E7F4242E8ECE005AADAD /* wash */,
				6F20E80B242E8ED1005AADAD /* washTests */,
				6F20E816242E8ED1005AADAD /* washUITests */,
				6F20E7F3242E8ECE005AADAD /* Products */,
				D524B32B278A9E77755D2ABB /* Pods */,
				BC7297522311F8EBD744AB37 /* Frameworks */,
			);
			sourceTree = "<group>";
		};
		6F20E7F3242E8ECE005AADAD /* Products */ = {
			isa = PBXGroup;
			children = (
				6F20E7F2242E8ECE005AADAD /* wash.app */,
				6F20E808242E8ED1005AADAD /* washTests.xctest */,
				6F20E813242E8ED1005AADAD /* washUITests.xctest */,
			);
			name = Products;
			sourceTree = "<group>";
		};
		6F20E7F4242E8ECE005AADAD /* wash */ = {
			isa = PBXGroup;
			children = (
				6F20E7F5242E8ECE005AADAD /* AppDelegate.swift */,
				6F20E7F7242E8ECE005AADAD /* SceneDelegate.swift */,
				6F20E7FB242E8ECE005AADAD /* Main.storyboard */,
				6F20E7FE242E8ED1005AADAD /* Assets.xcassets */,
				6F20E800242E8ED1005AADAD /* LaunchScreen.storyboard */,
				6F20E803242E8ED1005AADAD /* Info.plist */,
			);
			path = wash;
			sourceTree = "<group>";
		};
		6F20E80B242E8ED1005AADAD /* washTests */ = {
			isa = PBXGroup;
			children = (
				6F20E80C242E8ED1005AADAD /* washTests.swift */,
				6F20E80E242E8ED1005AADAD /* Info.plist */,
			);
			path = washTests;
			sourceTree = "<group>";
		};
		6F20E816242E8ED1005AADAD /* washUITests */ = {
			isa = PBXGroup;
			children = (
				6F20E817242E8ED1005AADAD /* washUITests.swift */,
				6F20E819242E8ED1005AADAD /* Info.plist */,
			);
			path = washUITests;
			sourceTree = "<group>";
		};
		BC7297522311F8EBD744AB37 /* Frameworks */ = {
			isa = PBXGroup;
			children = (
				4E0764FE63C7AF686247014B /* Pods_wash.framework */,
				7B0AFB3187F26C9A263F67CF /* Pods_wash_washUITests.framework */,
				EF82C464EE05B414DDCAEE67 /* Pods_washTests.framework */,
			);
			name = Frameworks;
			sourceTree = "<group>";
		};
		D524B32B278A9E77755D2ABB /* Pods */ = {
			isa = PBXGroup;
			children = (
				A448C349D63A570AB5732C4C /* Pods-wash.debug.xcconfig */,
				2185236256EB154F01758051 /* Pods-wash.release.xcconfig */,
				2E3886CEDAEFF797740AA780 /* Pods-wash-washUITests.debug.xcconfig */,
				F81E13AAA3144EE2A4E8D527 /* Pods-wash-washUITests.release.xcconfig */,
				C0CED715F3D7ECF4BF6F8F6F /* Pods-washTests.debug.xcconfig */,
				1D407AD1E64108205971E4A1 /* Pods-washTests.release.xcconfig */,
			);
			name = Pods;
			path = Pods;
			sourceTree = "<group>";
		};
/* End PBXGroup section */

/* Begin PBXNativeTarget section */
		6F20E7F1242E8ECE005AADAD /* wash */ = {
			isa = PBXNativeTarget;
			buildConfigurationList = 6F20E81C242E8ED1005AADAD /* Build configuration list for PBXNativeTarget "wash" */;
			buildPhases = (
				6C0C2E05F35291471D0FB591 /* [CP] Check Pods Manifest.lock */,
				6F20E7EE242E8ECE005AADAD /* Sources */,
				6F20E7EF242E8ECE005AADAD /* Frameworks */,
				6F20E7F0242E8ECE005AADAD /* Resources */,
				3AFB91BF7BEB1EEAFD588839 /* [CP] Embed Pods Frameworks */,
			);
			buildRules = (
			);
			dependencies = (
			);
			name = wash;
			productName = wash;
			productReference = 6F20E7F2242E8ECE005AADAD /* wash.app */;
			productType = "com.apple.product-type.application";
		};
		6F20E807242E8ED1005AADAD /* washTests */ = {
			isa = PBXNativeTarget;
			buildConfigurationList = 6F20E81F242E8ED1005AADAD /* Build configuration list for PBXNativeTarget "washTests" */;
			buildPhases = (
				0F4F96E127EB7992907750CE /* [CP] Check Pods Manifest.lock */,
				6F20E804242E8ED1005AADAD /* Sources */,
				6F20E805242E8ED1005AADAD /* Frameworks */,
				6F20E806242E8ED1005AADAD /* Resources */,
			);
			buildRules = (
			);
			dependencies = (
				6F20E80A242E8ED1005AADAD /* PBXTargetDependency */,
			);
			name = washTests;
			productName = washTests;
			productReference = 6F20E808242E8ED1005AADAD /* washTests.xctest */;
			productType = "com.apple.product-type.bundle.unit-test";
		};
		6F20E812242E8ED1005AADAD /* washUITests */ = {
			isa = PBXNativeTarget;
			buildConfigurationList = 6F20E822242E8ED1005AADAD /* Build configuration list for PBXNativeTarget "washUITests" */;
			buildPhases = (
				B0FF437B00508410A2543889 /* [CP] Check Pods Manifest.lock */,
				6F20E80F242E8ED1005AADAD /* Sources */,
				6F20E810242E8ED1005AADAD /* Frameworks */,
				6F20E811242E8ED1005AADAD /* Resources */,
				9B271A7EFA92E99A2B6FB627 /* [CP] Embed Pods Frameworks */,
			);
			buildRules = (
			);
			dependencies = (
				6F20E815242E8ED1005AADAD /* PBXTargetDependency */,
			);
			name = washUITests;
			productName = washUITests;
			productReference = 6F20E813242E8ED1005AADAD /* washUITests.xctest */;
			productType = "com.apple.product-type.bundle.ui-testing";
		};
/* End PBXNativeTarget section */

/* Begin PBXProject section */
		6F20E7EA242E8ECE005AADAD /* Project object */ = {
			isa = PBXProject;
			attributes = {
				LastSwiftUpdateCheck = 1130;
				LastUpgradeCheck = 1130;
				ORGANIZATIONNAME = "Andrew Harris";
				TargetAttributes = {
					6F20E7F1242E8ECE005AADAD = {
						CreatedOnToolsVersion = 11.3.1;
					};
					6F20E807242E8ED1005AADAD = {
						CreatedOnToolsVersion = 11.3.1;
						TestTargetID = 6F20E7F1242E8ECE005AADAD;
					};
					6F20E812242E8ED1005AADAD = {
						CreatedOnToolsVersion = 11.3.1;
						TestTargetID = 6F20E7F1242E8ECE005AADAD;
					};
				};
			};
			buildConfigurationList = 6F20E7ED242E8ECE005AADAD /* Build configuration list for PBXProject "wash" */;
			compatibilityVersion = "Xcode 9.3";
			developmentRegion = en;
			hasScannedForEncodings = 0;
			knownRegions = (
				en,
				Base,
			);
			mainGroup = 6F20E7E9242E8ECE005AADAD;
			productRefGroup = 6F20E7F3242E8ECE005AADAD /* Products */;
			projectDirPath = "";
			projectRoot = "";
			targets = (
				6F20E7F1242E8ECE005AADAD /* wash */,
				6F20E807242E8ED1005AADAD /* washTests */,
				6F20E812242E8ED1005AADAD /* washUITests */,
			);
		};
/* End PBXProject section */

/* Begin PBXResourcesBuildPhase section */
		6F20E7F0242E8ECE005AADAD /* Resources */ = {
			isa = PBXResourcesBuildPhase;
			buildActionMask = 2147483647;
			files = (
				6F20E802242E8ED1005AADAD /* LaunchScreen.storyboard in Resources */,
				6F20E7FF242E8ED1005AADAD /* Assets.xcassets in Resources */,
				6F20E7FD242E8ECE005AADAD /* Main.storyboard in Resources */,
			);
			runOnlyForDeploymentPostprocessing = 0;
		};
		6F20E806242E8ED1005AADAD /* Resources */ = {
			isa = PBXResourcesBuildPhase;
			buildActionMask = 2147483647;
			files = (
			);
			runOnlyForDeploymentPostprocessing = 0;
		};
		6F20E811242E8ED1005AADAD /* Resources */ = {
			isa = PBXResourcesBuildPhase;
			buildActionMask = 2147483647;
			files = (
			);
			runOnlyForDeploymentPostprocessing = 0;
		};
/* End PBXResourcesBuildPhase section */

/* Begin PBXShellScriptBuildPhase section */
		0F4F96E127EB7992907750CE /* [CP] Check Pods Manifest.lock */ = {
			isa = PBXShellScriptBuildPhase;
			buildActionMask = 2147483647;
			files = (
			);
			inputFileListPaths = (
			);
			inputPaths = (
				"${PODS_PODFILE_DIR_PATH}/Podfile.lock",
				"${PODS_ROOT}/Manifest.lock",
			);
			name = "[CP] Check Pods Manifest.lock";
			outputFileListPaths = (
			);
			outputPaths = (
				"$(DERIVED_FILE_DIR)/Pods-washTests-checkManifestLockResult.txt",
			);
			runOnlyForDeploymentPostprocessing = 0;
			shellPath = /bin/sh;
			shellScript = "diff \"${PODS_PODFILE_DIR_PATH}/Podfile.lock\" \"${PODS_ROOT}/Manifest.lock\" > /dev/null\nif [ $? != 0 ] ; then\n    # print error to STDERR\n    echo \"error: The sandbox is not in sync with the Podfile.lock. Run 'pod install' or update your CocoaPods installation.\" >&2\n    exit 1\nfi\n# This output is used by Xcode 'outputs' to avoid re-running this script phase.\necho \"SUCCESS\" > \"${SCRIPT_OUTPUT_FILE_0}\"\n";
			showEnvVarsInLog = 0;
		};
		3AFB91BF7BEB1EEAFD588839 /* [CP] Embed Pods Frameworks */ = {
			isa = PBXShellScriptBuildPhase;
			buildActionMask = 2147483647;
			files = (
			);
			inputFileListPaths = (
				"${PODS_ROOT}/Target Support Files/Pods-wash/Pods-wash-frameworks-${CONFIGURATION}-input-files.xcfilelist",
			);
			name = "[CP] Embed Pods Frameworks";
			outputFileListPaths = (
				"${PODS_ROOT}/Target Support Files/Pods-wash/Pods-wash-frameworks-${CONFIGURATION}-output-files.xcfilelist",
			);
			runOnlyForDeploymentPostprocessing = 0;
			shellPath = /bin/sh;
			shellScript = "\"${PODS_ROOT}/Target Support Files/Pods-wash/Pods-wash-frameworks.sh\"\n";
			showEnvVarsInLog = 0;
		};
		6C0C2E05F35291471D0FB591 /* [CP] Check Pods Manifest.lock */ = {
			isa = PBXShellScriptBuildPhase;
			buildActionMask = 2147483647;
			files = (
			);
			inputFileListPaths = (
			);
			inputPaths = (
				"${PODS_PODFILE_DIR_PATH}/Podfile.lock",
				"${PODS_ROOT}/Manifest.lock",
			);
			name = "[CP] Check Pods Manifest.lock";
			outputFileListPaths = (
			);
			outputPaths = (
				"$(DERIVED_FILE_DIR)/Pods-wash-checkManifestLockResult.txt",
			);
			runOnlyForDeploymentPostprocessing = 0;
			shellPath = /bin/sh;
			shellScript = "diff \"${PODS_PODFILE_DIR_PATH}/Podfile.lock\" \"${PODS_ROOT}/Manifest.lock\" > /dev/null\nif [ $? != 0 ] ; then\n    # print error to STDERR\n    echo \"error: The sandbox is not in sync with the Podfile.lock. Run 'pod install' or update your CocoaPods installation.\" >&2\n    exit 1\nfi\n# This output is used by Xcode 'outputs' to avoid re-running this script phase.\necho \"SUCCESS\" > \"${SCRIPT_OUTPUT_FILE_0}\"\n";
			showEnvVarsInLog = 0;
		};
		9B271A7EFA92E99A2B6FB627 /* [CP] Embed Pods Frameworks */ = {
			isa = PBXShellScriptBuildPhase;
			buildActionMask = 2147483647;
			files = (
			);
			inputFileListPaths = (
				"${PODS_ROOT}/Target Support Files/Pods-wash-washUITests/Pods-wash-washUITests-frameworks-${CONFIGURATION}-input-files.xcfilelist",
			);
			name = "[CP] Embed Pods Frameworks";
			outputFileListPaths = (
				"${PODS_ROOT}/Target Support Files/Pods-wash-washUITests/Pods-wash-washUITests-frameworks-${CONFIGURATION}-output-files.xcfilelist",
			);
			runOnlyForDeploymentPostprocessing = 0;
			shellPath = /bin/sh;
			shellScript = "\"${PODS_ROOT}/Target Support Files/Pods-wash-washUITests/Pods-wash-washUITests-frameworks.sh\"\n";
			showEnvVarsInLog = 0;
		};
		B0FF437B00508410A2543889 /* [CP] Check Pods Manifest.lock */ = {
			isa = PBXShellScriptBuildPhase;
			buildActionMask = 2147483647;
			files = (
			);
			inputFileListPaths = (
			);
			inputPaths = (
				"${PODS_PODFILE_DIR_PATH}/Podfile.lock",
				"${PODS_ROOT}/Manifest.lock",
			);
			name = "[CP] Check Pods Manifest.lock";
			outputFileListPaths = (
			);
			outputPaths = (
				"$(DERIVED_FILE_DIR)/Pods-wash-washUITests-checkManifestLockResult.txt",
			);
			runOnlyForDeploymentPostprocessing = 0;
			shellPath = /bin/sh;
			shellScript = "diff \"${PODS_PODFILE_DIR_PATH}/Podfile.lock\" \"${PODS_ROOT}/Manifest.lock\" > /dev/null\nif [ $? != 0 ] ; then\n    # print error to STDERR\n    echo \"error: The sandbox is not in sync with the Podfile.lock. Run 'pod install' or update your CocoaPods installation.\" >&2\n    exit 1\nfi\n# This output is used by Xcode 'outputs' to avoid re-running this script phase.\necho \"SUCCESS\" > \"${SCRIPT_OUTPUT_FILE_0}\"\n";
			showEnvVarsInLog = 0;
		};
/* End PBXShellScriptBuildPhase section */

/* Begin PBXSourcesBuildPhase section */
		6F20E7EE242E8ECE005AADAD /* Sources */ = {
			isa = PBXSourcesBuildPhase;
			buildActionMask = 2147483647;
			files = (
				6F20E7F6242E8ECE005AADAD /* AppDelegate.swift in Sources */,
				6F20E7F8242E8ECE005AADAD /* SceneDelegate.swift in Sources */,
			);
			runOnlyForDeploymentPostprocessing = 0;
		};
		6F20E804242E8ED1005AADAD /* Sources */ = {
			isa = PBXSourcesBuildPhase;
			buildActionMask = 2147483647;
			files = (
				6F20E80D242E8ED1005AADAD /* washTests.swift in Sources */,
			);
			runOnlyForDeploymentPostprocessing = 0;
		};
		6F20E80F242E8ED1005AADAD /* Sources */ = {
			isa = PBXSourcesBuildPhase;
			buildActionMask = 2147483647;
			files = (
				6F20E818242E8ED1005AADAD /* washUITests.swift in Sources */,
			);
			runOnlyForDeploymentPostprocessing = 0;
		};
/* End PBXSourcesBuildPhase section */

/* Begin PBXTargetDependency section */
		6F20E80A242E8ED1005AADAD /* PBXTargetDependency */ = {
			isa = PBXTargetDependency;
			target = 6F20E7F1242E8ECE005AADAD /* wash */;
			targetProxy = 6F20E809242E8ED1005AADAD /* PBXContainerItemProxy */;
		};
		6F20E815242E8ED1005AADAD /* PBXTargetDependency */ = {
			isa = PBXTargetDependency;
			target = 6F20E7F1242E8ECE005AADAD /* wash */;
			targetProxy = 6F20E814242E8ED1005AADAD /* PBXContainerItemProxy */;
		};
/* End PBXTargetDependency section */

/* Begin PBXVariantGroup section */
		6F20E7FB242E8ECE005AADAD /* Main.storyboard */ = {
			isa = PBXVariantGroup;
			children = (
				6F20E7FC242E8ECE005AADAD /* Base */,
			);
			name = Main.storyboard;
			sourceTree = "<group>";
		};
		6F20E800242E8ED1005AADAD /* LaunchScreen.storyboard */ = {
			isa = PBXVariantGroup;
			children = (
				6F20E801242E8ED1005AADAD /* Base */,
			);
			name = LaunchScreen.storyboard;
			sourceTree = "<group>";
		};
/* End PBXVariantGroup section */

/* Begin XCBuildConfiguration section */
		6F20E81A242E8ED1005AADAD /* Debug */ = {
			isa = XCBuildConfiguration;
			buildSettings = {
				ALWAYS_SEARCH_USER_PATHS = NO;
				CLANG_ANALYZER_NONNULL = YES;
				CLANG_ANALYZER_NUMBER_OBJECT_CONVERSION = YES_AGGRESSIVE;
				CLANG_CXX_LANGUAGE_STANDARD = "gnu++14";
				CLANG_CXX_LIBRARY = "libc++";
				CLANG_ENABLE_MODULES = YES;
				CLANG_ENABLE_OBJC_ARC = YES;
				CLANG_ENABLE_OBJC_WEAK = YES;
				CLANG_WARN_BLOCK_CAPTURE_AUTORELEASING = YES;
				CLANG_WARN_BOOL_CONVERSION = YES;
				CLANG_WARN_COMMA = YES;
				CLANG_WARN_CONSTANT_CONVERSION = YES;
				CLANG_WARN_DEPRECATED_OBJC_IMPLEMENTATIONS = YES;
				CLANG_WARN_DIRECT_OBJC_ISA_USAGE = YES_ERROR;
				CLANG_WARN_DOCUMENTATION_COMMENTS = YES;
				CLANG_WARN_EMPTY_BODY = YES;
				CLANG_WARN_ENUM_CONVERSION = YES;
				CLANG_WARN_INFINITE_RECURSION = YES;
				CLANG_WARN_INT_CONVERSION = YES;
				CLANG_WARN_NON_LITERAL_NULL_CONVERSION = YES;
				CLANG_WARN_OBJC_IMPLICIT_RETAIN_SELF = YES;
				CLANG_WARN_OBJC_LITERAL_CONVERSION = YES;
				CLANG_WARN_OBJC_ROOT_CLASS = YES_ERROR;
				CLANG_WARN_RANGE_LOOP_ANALYSIS = YES;
				CLANG_WARN_STRICT_PROTOTYPES = YES;
				CLANG_WARN_SUSPICIOUS_MOVE = YES;
				CLANG_WARN_UNGUARDED_AVAILABILITY = YES_AGGRESSIVE;
				CLANG_WARN_UNREACHABLE_CODE = YES;
				CLANG_WARN__DUPLICATE_METHOD_MATCH = YES;
				COPY_PHASE_STRIP = NO;
				DEBUG_INFORMATION_FORMAT = dwarf;
				ENABLE_STRICT_OBJC_MSGSEND = YES;
				ENABLE_TESTABILITY = YES;
				GCC_C_LANGUAGE_STANDARD = gnu11;
				GCC_DYNAMIC_NO_PIC = NO;
				GCC_NO_COMMON_BLOCKS = YES;
				GCC_OPTIMIZATION_LEVEL = 0;
				GCC_PREPROCESSOR_DEFINITIONS = (
					"DEBUG=1",
					"$(inherited)",
				);
				GCC_WARN_64_TO_32_BIT_CONVERSION = YES;
				GCC_WARN_ABOUT_RETURN_TYPE = YES_ERROR;
				GCC_WARN_UNDECLARED_SELECTOR = YES;
				GCC_WARN_UNINITIALIZED_AUTOS = YES_AGGRESSIVE;
				GCC_WARN_UNUSED_FUNCTION = YES;
				GCC_WARN_UNUSED_VARIABLE = YES;
				IPHONEOS_DEPLOYMENT_TARGET = 13.2;
				MTL_ENABLE_DEBUG_INFO = INCLUDE_SOURCE;
				MTL_FAST_MATH = YES;
				ONLY_ACTIVE_ARCH = YES;
				SDKROOT = iphoneos;
				SWIFT_ACTIVE_COMPILATION_CONDITIONS = DEBUG;
				SWIFT_OPTIMIZATION_LEVEL = "-Onone";
			};
			name = Debug;
		};
		6F20E81B242E8ED1005AADAD /* Release */ = {
			isa = XCBuildConfiguration;
			buildSettings = {
				ALWAYS_SEARCH_USER_PATHS = NO;
				CLANG_ANALYZER_NONNULL = YES;
				CLANG_ANALYZER_NUMBER_OBJECT_CONVERSION = YES_AGGRESSIVE;
				CLANG_CXX_LANGUAGE_STANDARD = "gnu++14";
				CLANG_CXX_LIBRARY = "libc++";
				CLANG_ENABLE_MODULES = YES;
				CLANG_ENABLE_OBJC_ARC = YES;
				CLANG_ENABLE_OBJC_WEAK = YES;
				CLANG_WARN_BLOCK_CAPTURE_AUTORELEASING = YES;
				CLANG_WARN_BOOL_CONVERSION = YES;
				CLANG_WARN_COMMA = YES;
				CLANG_WARN_CONSTANT_CONVERSION = YES;
				CLANG_WARN_DEPRECATED_OBJC_IMPLEMENTATIONS = YES;
				CLANG_WARN_DIRECT_OBJC_ISA_USAGE = YES_ERROR;
				CLANG_WARN_DOCUMENTATION_COMMENTS = YES;
				CLANG_WARN_EMPTY_BODY = YES;
				CLANG_WARN_ENUM_CONVERSION = YES;
				CLANG_WARN_INFINITE_RECURSION = YES;
				CLANG_WARN_INT_CONVERSION = YES;
				CLANG_WARN_NON_LITERAL_NULL_CONVERSION = YES;
				CLANG_WARN_OBJC_IMPLICIT_RETAIN_SELF = YES;
				CLANG_WARN_OBJC_LITERAL_CONVERSION = YES;
				CLANG_WARN_OBJC_ROOT_CLASS = YES_ERROR;
				CLANG_WARN_RANGE_LOOP_ANALYSIS = YES;
				CLANG_WARN_STRICT_PROTOTYPES = YES;
				CLANG_WARN_SUSPICIOUS_MOVE = YES;
				CLANG_WARN_UNGUARDED_AVAILABILITY = YES_AGGRESSIVE;
				CLANG_WARN_UNREACHABLE_CODE = YES;
				CLANG_WARN__DUPLICATE_METHOD_MATCH = YES;
				COPY_PHASE_STRIP = NO;
				DEBUG_INFORMATION_FORMAT = "dwarf-with-dsym";
				ENABLE_NS_ASSERTIONS = NO;
				ENABLE_STRICT_OBJC_MSGSEND = YES;
				GCC_C_LANGUAGE_STANDARD = gnu11;
				GCC_NO_COMMON_BLOCKS = YES;
				GCC_WARN_64_TO_32_BIT_CONVERSION = YES;
				GCC_WARN_ABOUT_RETURN_TYPE = YES_ERROR;
				GCC_WARN_UNDECLARED_SELECTOR = YES;
				GCC_WARN_UNINITIALIZED_AUTOS = YES_AGGRESSIVE;
				GCC_WARN_UNUSED_FUNCTION = YES;
				GCC_WARN_UNUSED_VARIABLE = YES;
				IPHONEOS_DEPLOYMENT_TARGET = 13.2;
				MTL_ENABLE_DEBUG_INFO = NO;
				MTL_FAST_MATH = YES;
				SDKROOT = iphoneos;
				SWIFT_COMPILATION_MODE = wholemodule;
				SWIFT_OPTIMIZATION_LEVEL = "-O";
				VALIDATE_PRODUCT = YES;
			};
			name = Release;
		};
		6F20E81D242E8ED1005AADAD /* Debug */ = {
			isa = XCBuildConfiguration;
			baseConfigurationReference = A448C349D63A570AB5732C4C /* Pods-wash.debug.xcconfig */;
			buildSettings = {
				ASSETCATALOG_COMPILER_APPICON_NAME = AppIcon;
				CODE_SIGN_STYLE = Automatic;
				DEVELOPMENT_TEAM = 7N4Z55EEQ8;
				INFOPLIST_FILE = wash/Info.plist;
				IPHONEOS_DEPLOYMENT_TARGET = 11.0;
				LD_RUNPATH_SEARCH_PATHS = (
					"$(inherited)",
					"@executable_path/Frameworks",
				);
				PRODUCT_BUNDLE_IDENTIFIER = com.andrewharris.wash;
				PRODUCT_NAME = "$(TARGET_NAME)";
				SWIFT_VERSION = 5.0;
				TARGETED_DEVICE_FAMILY = "1,2";
			};
			name = Debug;
		};
		6F20E81E242E8ED1005AADAD /* Release */ = {
			isa = XCBuildConfiguration;
			baseConfigurationReference = 2185236256EB154F01758051 /* Pods-wash.release.xcconfig */;
			buildSettings = {
				ASSETCATALOG_COMPILER_APPICON_NAME = AppIcon;
				CODE_SIGN_STYLE = Automatic;
				DEVELOPMENT_TEAM = 7N4Z55EEQ8;
				INFOPLIST_FILE = wash/Info.plist;
				IPHONEOS_DEPLOYMENT_TARGET = 11.0;
				LD_RUNPATH_SEARCH_PATHS = (
					"$(inherited)",
					"@executable_path/Frameworks",
				);
				PRODUCT_BUNDLE_IDENTIFIER = com.andrewharris.wash;
				PRODUCT_NAME = "$(TARGET_NAME)";
				SWIFT_VERSION = 5.0;
				TARGETED_DEVICE_FAMILY = "1,2";
			};
			name = Release;
		};
		6F20E820242E8ED1005AADAD /* Debug */ = {
			isa = XCBuildConfiguration;
			baseConfigurationReference = C0CED715F3D7ECF4BF6F8F6F /* Pods-washTests.debug.xcconfig */;
			buildSettings = {
				ALWAYS_EMBED_SWIFT_STANDARD_LIBRARIES = YES;
				BUNDLE_LOADER = "$(TEST_HOST)";
				CODE_SIGN_STYLE = Automatic;
				DEVELOPMENT_TEAM = 7N4Z55EEQ8;
				INFOPLIST_FILE = washTests/Info.plist;
				IPHONEOS_DEPLOYMENT_TARGET = 13.2;
				LD_RUNPATH_SEARCH_PATHS = (
					"$(inherited)",
					"@executable_path/Frameworks",
					"@loader_path/Frameworks",
				);
				PRODUCT_BUNDLE_IDENTIFIER = com.andrewharris.washTests;
				PRODUCT_NAME = "$(TARGET_NAME)";
				SWIFT_VERSION = 5.0;
				TARGETED_DEVICE_FAMILY = "1,2";
				TEST_HOST = "$(BUILT_PRODUCTS_DIR)/wash.app/wash";
			};
			name = Debug;
		};
		6F20E821242E8ED1005AADAD /* Release */ = {
			isa = XCBuildConfiguration;
			baseConfigurationReference = 1D407AD1E64108205971E4A1 /* Pods-washTests.release.xcconfig */;
			buildSettings = {
				ALWAYS_EMBED_SWIFT_STANDARD_LIBRARIES = YES;
				BUNDLE_LOADER = "$(TEST_HOST)";
				CODE_SIGN_STYLE = Automatic;
				DEVELOPMENT_TEAM = 7N4Z55EEQ8;
				INFOPLIST_FILE = washTests/Info.plist;
				IPHONEOS_DEPLOYMENT_TARGET = 13.2;
				LD_RUNPATH_SEARCH_PATHS = (
					"$(inherited)",
					"@executable_path/Frameworks",
					"@loader_path/Frameworks",
				);
				PRODUCT_BUNDLE_IDENTIFIER = com.andrewharris.washTests;
				PRODUCT_NAME = "$(TARGET_NAME)";
				SWIFT_VERSION = 5.0;
				TARGETED_DEVICE_FAMILY = "1,2";
				TEST_HOST = "$(BUILT_PRODUCTS_DIR)/wash.app/wash";
			};
			name = Release;
		};
		6F20E823242E8ED1005AADAD /* Debug */ = {
			isa = XCBuildConfiguration;
			baseConfigurationReference = 2E3886CEDAEFF797740AA780 /* Pods-wash-washUITests.debug.xcconfig */;
			buildSettings = {
				ALWAYS_EMBED_SWIFT_STANDARD_LIBRARIES = YES;
				CODE_SIGN_STYLE = Automatic;
				DEVELOPMENT_TEAM = 7N4Z55EEQ8;
				INFOPLIST_FILE = washUITests/Info.plist;
				LD_RUNPATH_SEARCH_PATHS = (
					"$(inherited)",
					"@executable_path/Frameworks",
					"@loader_path/Frameworks",
				);
				PRODUCT_BUNDLE_IDENTIFIER = com.andrewharris.washUITests;
				PRODUCT_NAME = "$(TARGET_NAME)";
				SWIFT_VERSION = 5.0;
				TARGETED_DEVICE_FAMILY = "1,2";
				TEST_TARGET_NAME = wash;
			};
			name = Debug;
		};
		6F20E824242E8ED1005AADAD /* Release */ = {
			isa = XCBuildConfiguration;
			baseConfigurationReference = F81E13AAA3144EE2A4E8D527 /* Pods-wash-washUITests.release.xcconfig */;
			buildSettings = {
				ALWAYS_EMBED_SWIFT_STANDARD_LIBRARIES = YES;
				CODE_SIGN_STYLE = Automatic;
				DEVELOPMENT_TEAM = 7N4Z55EEQ8;
				INFOPLIST_FILE = washUITests/Info.plist;
				LD_RUNPATH_SEARCH_PATHS = (
					"$(inherited)",
					"@executable_path/Frameworks",
					"@loader_path/Frameworks",
				);
				PRODUCT_BUNDLE_IDENTIFIER = com.andrewharris.washUITests;
				PRODUCT_NAME = "$(TARGET_NAME)";
				SWIFT_VERSION = 5.0;
				TARGETED_DEVICE_FAMILY = "1,2";
				TEST_TARGET_NAME = wash;
			};
			name = Release;
		};
/* End XCBuildConfiguration section */

/* Begin XCConfigurationList section */
		6F20E7ED242E8ECE005AADAD /* Build configuration list for PBXProject "wash" */ = {
			isa = XCConfigurationList;
			buildConfigurations = (
				6F20E81A242E8ED1005AADAD /* Debug */,
				6F20E81B242E8ED1005AADAD /* Release */,
			);
			defaultConfigurationIsVisible = 0;
			defaultConfigurationName = Release;
		};
		6F20E81C242E8ED1005AADAD /* Build configuration list for PBXNativeTarget "wash" */ = {
			isa = XCConfigurationList;
			buildConfigurations = (
				6F20E81D242E8ED1005AADAD /* Debug */,
				6F20E81E242E8ED1005AADAD /* Release */,
			);
			defaultConfigurationIsVisible = 0;
			defaultConfigurationName = Release;
		};
		6F20E81F242E8ED1005AADAD /* Build configuration list for PBXNativeTarget "washTests" */ = {
			isa = XCConfigurationList;
			buildConfigurations = (
				6F20E820242E8ED1005AADAD /* Debug */,
				6F20E821242E8ED1005AADAD /* Release */,
			);
			defaultConfigurationIsVisible = 0;
			defaultConfigurationName = Release;
		};
		6F20E822242E8ED1005AADAD /* Build configuration list for PBXNativeTarget "washUITests" */ = {
			isa = XCConfigurationList;
			buildConfigurations = (
				6F20E823242E8ED1005AADAD /* Debug */,
				6F20E824242E8ED1005AADAD /* Release */,
			);
			defaultConfigurationIsVisible = 0;
			defaultConfigurationName = Release;
		};
/* End XCConfigurationList section */
	};
	rootObject = 6F20E7EA242E8ECE005AADAD /* Project object */;
}
